
Microsoft Visual Studio Solution File, Format Version 12.00
# Visual Studio 14
VisualStudioVersion = 14.0.24720.0
MinimumVisualStudioVersion = 10.0.40219.1
Project("{FAE04EC0-301F-11D3-BF4B-00C04F79EFBC}") = "UniSurvey.WebAPI", "UniSurvey.WebAPI\UniSurvey.WebAPI.csproj", "{DD267CC2-DDFD-4C64-AC04-F020A08E1CDF}"
EndProject
Project("{FAE04EC0-301F-11D3-BF4B-00C04F79EFBC}") = "UniSurvey.WebAPI.Tests", "UniSurvey.WebAPI.Tests\UniSurvey.WebAPI.Tests.csproj", "{7D6FD5DA-6313-466E-8CB1-E59CDCB970F2}"
EndProject
Project("{E24C65DC-7377-472B-9ABA-BC803B73C61A}") = "UniSurvey.Client", "UniSurvey.Client\", "{00E46CF8-1AB6-4F70-A6A1-A02F28FE704A}"
	ProjectSection(WebsiteProperties) = preProject
		TargetFrameworkMoniker = ".NETFramework,Version%3Dv4.5.2"
		Debug.AspNetCompiler.VirtualPath = "/localhost_52143"
		Debug.AspNetCompiler.PhysicalPath = "UniSurvey.Client\"
		Debug.AspNetCompiler.TargetPath = "PrecompiledWeb\localhost_52143\"
		Debug.AspNetCompiler.Updateable = "true"
		Debug.AspNetCompiler.ForceOverwrite = "true"
		Debug.AspNetCompiler.FixedNames = "false"
		Debug.AspNetCompiler.Debug = "True"
		Release.AspNetCompiler.VirtualPath = "/localhost_52143"
		Release.AspNetCompiler.PhysicalPath = "UniSurvey.Client\"
		Release.AspNetCompiler.TargetPath = "PrecompiledWeb\localhost_52143\"
		Release.AspNetCompiler.Updateable = "true"
		Release.AspNetCompiler.ForceOverwrite = "true"
		Release.AspNetCompiler.FixedNames = "false"
		Release.AspNetCompiler.Debug = "False"
		VWDPort = "52143"
		SlnRelativePath = "UniSurvey.Client\"
		DefaultWebSiteLanguage = "Visual C#"
	EndProjectSection
EndProject
Global
	GlobalSection(SolutionConfigurationPlatforms) = preSolution
		Debug|Any CPU = Debug|Any CPU
		Release|Any CPU = Release|Any CPU
	EndGlobalSection
	GlobalSection(ProjectConfigurationPlatforms) = postSolution
		{DD267CC2-DDFD-4C64-AC04-F020A08E1CDF}.Debug|Any CPU.ActiveCfg = Debug|Any CPU
		{DD267CC2-DDFD-4C64-AC04-F020A08E1CDF}.Debug|Any CPU.Build.0 = Debug|Any CPU
		{DD267CC2-DDFD-4C64-AC04-F020A08E1CDF}.Release|Any CPU.ActiveCfg = Release|Any CPU
		{DD267CC2-DDFD-4C64-AC04-F020A08E1CDF}.Release|Any CPU.Build.0 = Release|Any CPU
		{7D6FD5DA-6313-466E-8CB1-E59CDCB970F2}.Debug|Any CPU.ActiveCfg = Debug|Any CPU
		{7D6FD5DA-6313-466E-8CB1-E59CDCB970F2}.Debug|Any CPU.Build.0 = Debug|Any CPU
		{7D6FD5DA-6313-466E-8CB1-E59CDCB970F2}.Release|Any CPU.ActiveCfg = Release|Any CPU
		{7D6FD5DA-6313-466E-8CB1-E59CDCB970F2}.Release|Any CPU.Build.0 = Release|Any CPU
		{00E46CF8-1AB6-4F70-A6A1-A02F28FE704A}.Debug|Any CPU.ActiveCfg = Debug|Any CPU
		{00E46CF8-1AB6-4F70-A6A1-A02F28FE704A}.Debug|Any CPU.Build.0 = Debug|Any CPU
		{00E46CF8-1AB6-4F70-A6A1-A02F28FE704A}.Release|Any CPU.ActiveCfg = Debug|Any CPU
		{00E46CF8-1AB6-4F70-A6A1-A02F28FE704A}.Release|Any CPU.Build.0 = Debug|Any CPU
	EndGlobalSection
	GlobalSection(SolutionProperties) = preSolution
		HideSolutionNode = FALSE
	EndGlobalSection
EndGlobal
